{
    "name": "npm-install-from-subdir",
    "version": "1.0.0",
    "lockfileVersion": 2,
    "requires": true,
    "packages": {
        "": {
            "name": "npm-install-from-subdir",
            "version": "1.0.0",
            "hasInstallScript": true,
            "license": "ISC"
        }
    }
}
